{
  "version": 4,
  "terraform_version": "1.8.5",
  "serial": 67,
  "lineage": "c88f51ac-4bed-1af3-79b9-2c872503dea1",
  "outputs": {
    "az_subnet_map": {
      "value": {
        "endpoint": {
          "ap-south-1a": "subnet-0da7cbe8b10ac2f1e"
        },
        "private-1": {
          "ap-south-1a": "subnet-0fca8c4dd9b246721"
        },
        "public-1": {
          "ap-south-1a": "subnet-0cbf0eeef03735287"
        }
      },
      "type": [
        "object",
        {
          "endpoint": [
            "object",
            {
              "ap-south-1a": "string"
            }
          ],
          "private-1": [
            "object",
            {
              "ap-south-1a": "string"
            }
          ],
          "public-1": [
            "object",
            {
              "ap-south-1a": "string"
            }
          ]
        }
      ]
    },
    "db_subnet_ids": {
      "value": [],
      "type": [
        "tuple",
        []
      ]
    },
    "endpoint_sg_id": {
      "value": "sg-05dad1fc75bd24245",
      "type": "string"
    },
    "msk_subnet_ids": {
      "value": [],
      "type": [
        "tuple",
        []
      ]
    },
    "route_table_ids": {
      "value": [
        "rtb-0b4dea809cb974b47",
        "rtb-0daef57cd71dd2fed",
        "rtb-07e47e5d5e66fda33"
      ],
      "type": [
        "tuple",
        [
          "string",
          "string",
          "string"
        ]
      ]
    },
    "subnets": {
      "value": {
        "endpoint": {
          "attributes": [
            {
              "arn": "arn:aws:ec2:ap-south-1:779527285137:subnet/subnet-0da7cbe8b10ac2f1e",
              "assign_ipv6_address_on_creation": false,
              "availability_zone": "ap-south-1a",
              "availability_zone_id": "aps1-az1",
              "cidr_block": "10.0.3.0/24",
              "customer_owned_ipv4_pool": "",
              "enable_dns64": false,
              "enable_lni_at_device_index": 0,
              "enable_resource_name_dns_a_record_on_launch": false,
              "enable_resource_name_dns_aaaa_record_on_launch": false,
              "id": "subnet-0da7cbe8b10ac2f1e",
              "ipv6_cidr_block": "",
              "ipv6_cidr_block_association_id": "",
              "ipv6_native": false,
              "map_customer_owned_ip_on_launch": false,
              "map_public_ip_on_launch": false,
              "outpost_arn": "",
              "owner_id": "779527285137",
              "private_dns_hostname_type_on_launch": "ip-name",
              "tags": {
                "Environment": "development",
                "Name": "dev-endpoint-subnet-subnet",
                "Owner": "team-devops"
              },
              "tags_all": {
                "Environment": "development",
                "Name": "dev-endpoint-subnet-subnet",
                "Owner": "team-devops"
              },
              "timeouts": null,
              "vpc_id": "vpc-06e270f6fd1138f8f"
            }
          ],
          "az_subnet_map": {
            "ap-south-1a": "subnet-0da7cbe8b10ac2f1e"
          },
          "nat_gateway_ids": [],
          "natgw_routetable_ids": [],
          "route_table_ids": [
            "rtb-0b4dea809cb974b47"
          ],
          "subnet_ids": [
            "subnet-0da7cbe8b10ac2f1e"
          ]
        },
        "private-1": {
          "attributes": [
            {
              "arn": "arn:aws:ec2:ap-south-1:779527285137:subnet/subnet-0fca8c4dd9b246721",
              "assign_ipv6_address_on_creation": false,
              "availability_zone": "ap-south-1a",
              "availability_zone_id": "aps1-az1",
              "cidr_block": "10.0.2.0/24",
              "customer_owned_ipv4_pool": "",
              "enable_dns64": false,
              "enable_lni_at_device_index": 0,
              "enable_resource_name_dns_a_record_on_launch": false,
              "enable_resource_name_dns_aaaa_record_on_launch": false,
              "id": "subnet-0fca8c4dd9b246721",
              "ipv6_cidr_block": "",
              "ipv6_cidr_block_association_id": "",
              "ipv6_native": false,
              "map_customer_owned_ip_on_launch": false,
              "map_public_ip_on_launch": false,
              "outpost_arn": "",
              "owner_id": "779527285137",
              "private_dns_hostname_type_on_launch": "ip-name",
              "tags": {
                "Environment": "development",
                "Name": "dev-private-subnet-1-subnet",
                "Owner": "team-devops"
              },
              "tags_all": {
                "Environment": "development",
                "Name": "dev-private-subnet-1-subnet",
                "Owner": "team-devops"
              },
              "timeouts": null,
              "vpc_id": "vpc-06e270f6fd1138f8f"
            }
          ],
          "az_subnet_map": {
            "ap-south-1a": "subnet-0fca8c4dd9b246721"
          },
          "nat_gateway_ids": [],
          "natgw_routetable_ids": [
            "rtb-0daef57cd71dd2fed"
          ],
          "route_table_ids": [
            "rtb-0daef57cd71dd2fed"
          ],
          "subnet_ids": [
            "subnet-0fca8c4dd9b246721"
          ]
        },
        "public-1": {
          "attributes": [
            {
              "arn": "arn:aws:ec2:ap-south-1:779527285137:subnet/subnet-0cbf0eeef03735287",
              "assign_ipv6_address_on_creation": false,
              "availability_zone": "ap-south-1a",
              "availability_zone_id": "aps1-az1",
              "cidr_block": "10.0.1.0/24",
              "customer_owned_ipv4_pool": "",
              "enable_dns64": false,
              "enable_lni_at_device_index": 0,
              "enable_resource_name_dns_a_record_on_launch": false,
              "enable_resource_name_dns_aaaa_record_on_launch": false,
              "id": "subnet-0cbf0eeef03735287",
              "ipv6_cidr_block": "",
              "ipv6_cidr_block_association_id": "",
              "ipv6_native": false,
              "map_customer_owned_ip_on_launch": false,
              "map_public_ip_on_launch": false,
              "outpost_arn": "",
              "owner_id": "779527285137",
              "private_dns_hostname_type_on_launch": "ip-name",
              "tags": {
                "Environment": "development",
                "Name": "dev-public-subnet-1-subnet",
                "Owner": "team-devops"
              },
              "tags_all": {
                "Environment": "development",
                "Name": "dev-public-subnet-1-subnet",
                "Owner": "team-devops"
              },
              "timeouts": null,
              "vpc_id": "vpc-06e270f6fd1138f8f"
            }
          ],
          "az_subnet_map": {
            "ap-south-1a": "subnet-0cbf0eeef03735287"
          },
          "nat_gateway_ids": [],
          "natgw_routetable_ids": [],
          "route_table_ids": [
            "rtb-07e47e5d5e66fda33"
          ],
          "subnet_ids": [
            "subnet-0cbf0eeef03735287"
          ]
        }
      },
      "type": [
        "object",
        {
          "endpoint": [
            "object",
            {
              "attributes": [
                "tuple",
                [
                  [
                    "object",
                    {
                      "arn": "string",
                      "assign_ipv6_address_on_creation": "bool",
                      "availability_zone": "string",
                      "availability_zone_id": "string",
                      "cidr_block": "string",
                      "customer_owned_ipv4_pool": "string",
                      "enable_dns64": "bool",
                      "enable_lni_at_device_index": "number",
                      "enable_resource_name_dns_a_record_on_launch": "bool",
                      "enable_resource_name_dns_aaaa_record_on_launch": "bool",
                      "id": "string",
                      "ipv6_cidr_block": "string",
                      "ipv6_cidr_block_association_id": "string",
                      "ipv6_native": "bool",
                      "map_customer_owned_ip_on_launch": "bool",
                      "map_public_ip_on_launch": "bool",
                      "outpost_arn": "string",
                      "owner_id": "string",
                      "private_dns_hostname_type_on_launch": "string",
                      "tags": [
                        "map",
                        "string"
                      ],
                      "tags_all": [
                        "map",
                        "string"
                      ],
                      "timeouts": [
                        "object",
                        {
                          "create": "string",
                          "delete": "string"
                        }
                      ],
                      "vpc_id": "string"
                    }
                  ]
                ]
              ],
              "az_subnet_map": [
                "object",
                {
                  "ap-south-1a": "string"
                }
              ],
              "nat_gateway_ids": [
                "tuple",
                []
              ],
              "natgw_routetable_ids": [
                "list",
                "string"
              ],
              "route_table_ids": [
                "tuple",
                [
                  "string"
                ]
              ],
              "subnet_ids": [
                "tuple",
                [
                  "string"
                ]
              ]
            }
          ],
          "private-1": [
            "object",
            {
              "attributes": [
                "tuple",
                [
                  [
                    "object",
                    {
                      "arn": "string",
                      "assign_ipv6_address_on_creation": "bool",
                      "availability_zone": "string",
                      "availability_zone_id": "string",
                      "cidr_block": "string",
                      "customer_owned_ipv4_pool": "string",
                      "enable_dns64": "bool",
                      "enable_lni_at_device_index": "number",
                      "enable_resource_name_dns_a_record_on_launch": "bool",
                      "enable_resource_name_dns_aaaa_record_on_launch": "bool",
                      "id": "string",
                      "ipv6_cidr_block": "string",
                      "ipv6_cidr_block_association_id": "string",
                      "ipv6_native": "bool",
                      "map_customer_owned_ip_on_launch": "bool",
                      "map_public_ip_on_launch": "bool",
                      "outpost_arn": "string",
                      "owner_id": "string",
                      "private_dns_hostname_type_on_launch": "string",
                      "tags": [
                        "map",
                        "string"
                      ],
                      "tags_all": [
                        "map",
                        "string"
                      ],
                      "timeouts": [
                        "object",
                        {
                          "create": "string",
                          "delete": "string"
                        }
                      ],
                      "vpc_id": "string"
                    }
                  ]
                ]
              ],
              "az_subnet_map": [
                "object",
                {
                  "ap-south-1a": "string"
                }
              ],
              "nat_gateway_ids": [
                "tuple",
                []
              ],
              "natgw_routetable_ids": [
                "list",
                "string"
              ],
              "route_table_ids": [
                "tuple",
                [
                  "string"
                ]
              ],
              "subnet_ids": [
                "tuple",
                [
                  "string"
                ]
              ]
            }
          ],
          "public-1": [
            "object",
            {
              "attributes": [
                "tuple",
                [
                  [
                    "object",
                    {
                      "arn": "string",
                      "assign_ipv6_address_on_creation": "bool",
                      "availability_zone": "string",
                      "availability_zone_id": "string",
                      "cidr_block": "string",
                      "customer_owned_ipv4_pool": "string",
                      "enable_dns64": "bool",
                      "enable_lni_at_device_index": "number",
                      "enable_resource_name_dns_a_record_on_launch": "bool",
                      "enable_resource_name_dns_aaaa_record_on_launch": "bool",
                      "id": "string",
                      "ipv6_cidr_block": "string",
                      "ipv6_cidr_block_association_id": "string",
                      "ipv6_native": "bool",
                      "map_customer_owned_ip_on_launch": "bool",
                      "map_public_ip_on_launch": "bool",
                      "outpost_arn": "string",
                      "owner_id": "string",
                      "private_dns_hostname_type_on_launch": "string",
                      "tags": [
                        "map",
                        "string"
                      ],
                      "tags_all": [
                        "map",
                        "string"
                      ],
                      "timeouts": [
                        "object",
                        {
                          "create": "string",
                          "delete": "string"
                        }
                      ],
                      "vpc_id": "string"
                    }
                  ]
                ]
              ],
              "az_subnet_map": [
                "object",
                {
                  "ap-south-1a": "string"
                }
              ],
              "nat_gateway_ids": [
                "tuple",
                []
              ],
              "natgw_routetable_ids": [
                "list",
                "string"
              ],
              "route_table_ids": [
                "tuple",
                [
                  "string"
                ]
              ],
              "subnet_ids": [
                "tuple",
                [
                  "string"
                ]
              ]
            }
          ]
        }
      ]
    },
    "vpc": {
      "value": {
        "arn": "arn:aws:ec2:ap-south-1:779527285137:vpc/vpc-06e270f6fd1138f8f",
        "assign_generated_ipv6_cidr_block": false,
        "cidr_block": "10.0.0.0/16",
        "default_network_acl_id": "acl-00108d4746bc56fd5",
        "default_route_table_id": "rtb-0a3dfbdae3aec406d",
        "default_security_group_id": "sg-0f597113981d95f95",
        "dhcp_options_id": "dopt-a955bfc2",
        "enable_dns_hostnames": true,
        "enable_dns_support": true,
        "enable_network_address_usage_metrics": false,
        "id": "vpc-06e270f6fd1138f8f",
        "instance_tenancy": "default",
        "ipv4_ipam_pool_id": null,
        "ipv4_netmask_length": null,
        "ipv6_association_id": "",
        "ipv6_cidr_block": "",
        "ipv6_cidr_block_network_border_group": "",
        "ipv6_ipam_pool_id": "",
        "ipv6_netmask_length": 0,
        "main_route_table_id": "rtb-0a3dfbdae3aec406d",
        "owner_id": "779527285137",
        "tags": {
          "Environment": "development",
          "Name": "dev-my-vpc-project-vpc",
          "Owner": "team-devops"
        },
        "tags_all": {
          "Environment": "development",
          "Name": "dev-my-vpc-project-vpc",
          "Owner": "team-devops"
        }
      },
      "type": [
        "object",
        {
          "arn": "string",
          "assign_generated_ipv6_cidr_block": "bool",
          "cidr_block": "string",
          "default_network_acl_id": "string",
          "default_route_table_id": "string",
          "default_security_group_id": "string",
          "dhcp_options_id": "string",
          "enable_dns_hostnames": "bool",
          "enable_dns_support": "bool",
          "enable_network_address_usage_metrics": "bool",
          "id": "string",
          "instance_tenancy": "string",
          "ipv4_ipam_pool_id": "string",
          "ipv4_netmask_length": "number",
          "ipv6_association_id": "string",
          "ipv6_cidr_block": "string",
          "ipv6_cidr_block_network_border_group": "string",
          "ipv6_ipam_pool_id": "string",
          "ipv6_netmask_length": "number",
          "main_route_table_id": "string",
          "owner_id": "string",
          "tags": [
            "map",
            "string"
          ],
          "tags_all": [
            "map",
            "string"
          ]
        }
      ]
    }
  },
  "resources": [
    {
      "mode": "managed",
      "type": "aws_cloudwatch_log_group",
      "name": "this",
      "provider": "provider[\"registry.terraform.io/hashicorp/aws\"]",
      "instances": [
        {
          "index_key": 0,
          "schema_version": 0,
          "attributes": {
            "arn": "arn:aws:logs:ap-south-1:779527285137:log-group:dev-my-vpc-project-flowlog",
            "id": "dev-my-vpc-project-flowlog",
            "kms_key_id": "",
            "log_group_class": "STANDARD",
            "name": "dev-my-vpc-project-flowlog",
            "name_prefix": "",
            "retention_in_days": 0,
            "skip_destroy": false,
            "tags": {
              "Environment": "development",
              "LogType": "VPC Flow Logs",
              "Owner": "team-devops"
            },
            "tags_all": {
              "Environment": "development",
              "LogType": "VPC Flow Logs",
              "Owner": "team-devops"
            }
          },
          "sensitive_attributes": [],
          "private": "bnVsbA=="
        }
      ]
    },
    {
      "mode": "managed",
      "type": "aws_ec2_transit_gateway_vpc_attachment",
      "name": "tgw_attachment",
      "provider": "provider[\"registry.terraform.io/hashicorp/aws\"]",
      "instances": [
        {
          "schema_version": 0,
          "attributes": {
            "appliance_mode_support": "disable",
            "dns_support": "enable",
            "id": "tgw-attach-04590631806303ae7",
            "ipv6_support": "disable",
            "subnet_ids": [
              "subnet-0da7cbe8b10ac2f1e"
            ],
            "tags": {
              "Environment": "development",
              "Name": "dev-my-vpc-project-tgw",
              "Owner": "team-devops"
            },
            "tags_all": {
              "Environment": "development",
              "Name": "dev-my-vpc-project-tgw",
              "Owner": "team-devops"
            },
            "transit_gateway_default_route_table_association": true,
            "transit_gateway_default_route_table_propagation": true,
            "transit_gateway_id": "tgw-03fa87a217f52008c",
            "vpc_id": "vpc-06e270f6fd1138f8f",
            "vpc_owner_id": "779527285137"
          },
          "sensitive_attributes": [],
          "private": "bnVsbA==",
          "dependencies": [
            "aws_vpc.main",
            "aws_vpc_ipv4_cidr_block_association.main",
            "module.subnets.aws_nat_gateway.nat_gw",
            "module.subnets.aws_route_table.main",
            "module.subnets.aws_route_table_association.association",
            "module.subnets.aws_subnet.main"
          ]
        }
      ]
    },
    {
      "mode": "managed",
      "type": "aws_route",
      "name": "route",
      "provider": "provider[\"registry.terraform.io/hashicorp/aws\"]",
      "instances": [
        {
          "index_key": 0,
          "schema_version": 0,
          "attributes": {
            "carrier_gateway_id": "",
            "core_network_arn": "",
            "destination_cidr_block": "172.31.0.0/16",
            "destination_ipv6_cidr_block": "",
            "destination_prefix_list_id": "",
            "egress_only_gateway_id": "",
            "gateway_id": "",
            "id": "r-rtb-0b4dea809cb974b473854007479",
            "instance_id": "",
            "instance_owner_id": "",
            "local_gateway_id": "",
            "nat_gateway_id": "",
            "network_interface_id": "",
            "origin": "CreateRoute",
            "route_table_id": "rtb-0b4dea809cb974b47",
            "state": "blackhole",
            "timeouts": null,
            "transit_gateway_id": "tgw-03fa87a217f52008c",
            "vpc_endpoint_id": "",
            "vpc_peering_connection_id": ""
          },
          "sensitive_attributes": [],
          "private": "eyJlMmJmYjczMC1lY2FhLTExZTYtOGY4OC0zNDM2M2JjN2M0YzAiOnsiY3JlYXRlIjozMDAwMDAwMDAwMDAsImRlbGV0ZSI6MzAwMDAwMDAwMDAwLCJ1cGRhdGUiOjEyMDAwMDAwMDAwMH19",
          "dependencies": [
            "aws_vpc.main",
            "aws_vpc_ipv4_cidr_block_association.main",
            "module.subnets.aws_nat_gateway.nat_gw",
            "module.subnets.aws_route_table.main",
            "module.subnets.aws_route_table_association.association",
            "module.subnets.aws_subnet.main"
          ]
        },
        {
          "index_key": 1,
          "schema_version": 0,
          "attributes": {
            "carrier_gateway_id": "",
            "core_network_arn": "",
            "destination_cidr_block": "172.31.0.0/16",
            "destination_ipv6_cidr_block": "",
            "destination_prefix_list_id": "",
            "egress_only_gateway_id": "",
            "gateway_id": "",
            "id": "r-rtb-0daef57cd71dd2fed3854007479",
            "instance_id": "",
            "instance_owner_id": "",
            "local_gateway_id": "",
            "nat_gateway_id": "",
            "network_interface_id": "",
            "origin": "CreateRoute",
            "route_table_id": "rtb-0daef57cd71dd2fed",
            "state": "blackhole",
            "timeouts": null,
            "transit_gateway_id": "tgw-03fa87a217f52008c",
            "vpc_endpoint_id": "",
            "vpc_peering_connection_id": ""
          },
          "sensitive_attributes": [],
          "private": "eyJlMmJmYjczMC1lY2FhLTExZTYtOGY4OC0zNDM2M2JjN2M0YzAiOnsiY3JlYXRlIjozMDAwMDAwMDAwMDAsImRlbGV0ZSI6MzAwMDAwMDAwMDAwLCJ1cGRhdGUiOjEyMDAwMDAwMDAwMH19",
          "dependencies": [
            "aws_vpc.main",
            "aws_vpc_ipv4_cidr_block_association.main",
            "module.subnets.aws_nat_gateway.nat_gw",
            "module.subnets.aws_route_table.main",
            "module.subnets.aws_route_table_association.association",
            "module.subnets.aws_subnet.main"
          ]
        },
        {
          "index_key": 2,
          "schema_version": 0,
          "attributes": {
            "carrier_gateway_id": "",
            "core_network_arn": "",
            "destination_cidr_block": "172.31.0.0/16",
            "destination_ipv6_cidr_block": "",
            "destination_prefix_list_id": "",
            "egress_only_gateway_id": "",
            "gateway_id": "",
            "id": "r-rtb-07e47e5d5e66fda333854007479",
            "instance_id": "",
            "instance_owner_id": "",
            "local_gateway_id": "",
            "nat_gateway_id": "",
            "network_interface_id": "",
            "origin": "CreateRoute",
            "route_table_id": "rtb-07e47e5d5e66fda33",
            "state": "blackhole",
            "timeouts": null,
            "transit_gateway_id": "tgw-03fa87a217f52008c",
            "vpc_endpoint_id": "",
            "vpc_peering_connection_id": ""
          },
          "sensitive_attributes": [],
          "private": "eyJlMmJmYjczMC1lY2FhLTExZTYtOGY4OC0zNDM2M2JjN2M0YzAiOnsiY3JlYXRlIjozMDAwMDAwMDAwMDAsImRlbGV0ZSI6MzAwMDAwMDAwMDAwLCJ1cGRhdGUiOjEyMDAwMDAwMDAwMH19",
          "dependencies": [
            "aws_vpc.main",
            "aws_vpc_ipv4_cidr_block_association.main",
            "module.subnets.aws_nat_gateway.nat_gw",
            "module.subnets.aws_route_table.main",
            "module.subnets.aws_route_table_association.association",
            "module.subnets.aws_subnet.main"
          ]
        }
      ]
    },
    {
      "mode": "managed",
      "type": "aws_security_group",
      "name": "default_sg_for_vpc_endpoint",
      "provider": "provider[\"registry.terraform.io/hashicorp/aws\"]",
      "instances": [
        {
          "schema_version": 1,
          "attributes": {
            "arn": "arn:aws:ec2:ap-south-1:779527285137:security-group/sg-05dad1fc75bd24245",
            "description": "Security Group VPC endpoint",
            "egress": [
              {
                "cidr_blocks": [
                  "0.0.0.0/0"
                ],
                "description": "",
                "from_port": 0,
                "ipv6_cidr_blocks": [
                  "::/0"
                ],
                "prefix_list_ids": [],
                "protocol": "-1",
                "security_groups": [],
                "self": false,
                "to_port": 0
              }
            ],
            "id": "sg-05dad1fc75bd24245",
            "ingress": [
              {
                "cidr_blocks": [
                  "10.0.0.0/16"
                ],
                "description": "TLS from VPC",
                "from_port": 443,
                "ipv6_cidr_blocks": [],
                "prefix_list_ids": [],
                "protocol": "tcp",
                "security_groups": [],
                "self": false,
                "to_port": 443
              }
            ],
            "name": "sg_for_vpc_endpoint",
            "name_prefix": "",
            "owner_id": "779527285137",
            "revoke_rules_on_delete": false,
            "tags": {
              "Environment": "development",
              "Name": "dev-my-vpc-project-endpoint-sg",
              "Owner": "team-devops"
            },
            "tags_all": {
              "Environment": "development",
              "Name": "dev-my-vpc-project-endpoint-sg",
              "Owner": "team-devops"
            },
            "timeouts": null,
            "vpc_id": "vpc-06e270f6fd1138f8f"
          },
          "sensitive_attributes": [],
          "private": "eyJlMmJmYjczMC1lY2FhLTExZTYtOGY4OC0zNDM2M2JjN2M0YzAiOnsiY3JlYXRlIjo2MDAwMDAwMDAwMDAsImRlbGV0ZSI6OTAwMDAwMDAwMDAwfSwic2NoZW1hX3ZlcnNpb24iOiIxIn0=",
          "dependencies": [
            "aws_vpc.main"
          ]
        }
      ]
    },
    {
      "mode": "managed",
      "type": "aws_vpc",
      "name": "main",
      "provider": "provider[\"registry.terraform.io/hashicorp/aws\"]",
      "instances": [
        {
          "schema_version": 1,
          "attributes": {
            "arn": "arn:aws:ec2:ap-south-1:779527285137:vpc/vpc-06e270f6fd1138f8f",
            "assign_generated_ipv6_cidr_block": false,
            "cidr_block": "10.0.0.0/16",
            "default_network_acl_id": "acl-00108d4746bc56fd5",
            "default_route_table_id": "rtb-0a3dfbdae3aec406d",
            "default_security_group_id": "sg-0f597113981d95f95",
            "dhcp_options_id": "dopt-a955bfc2",
            "enable_dns_hostnames": true,
            "enable_dns_support": true,
            "enable_network_address_usage_metrics": false,
            "id": "vpc-06e270f6fd1138f8f",
            "instance_tenancy": "default",
            "ipv4_ipam_pool_id": null,
            "ipv4_netmask_length": null,
            "ipv6_association_id": "",
            "ipv6_cidr_block": "",
            "ipv6_cidr_block_network_border_group": "",
            "ipv6_ipam_pool_id": "",
            "ipv6_netmask_length": 0,
            "main_route_table_id": "rtb-0a3dfbdae3aec406d",
            "owner_id": "779527285137",
            "tags": {
              "Environment": "development",
              "Name": "dev-my-vpc-project-vpc",
              "Owner": "team-devops"
            },
            "tags_all": {
              "Environment": "development",
              "Name": "dev-my-vpc-project-vpc",
              "Owner": "team-devops"
            }
          },
          "sensitive_attributes": [],
          "private": "eyJzY2hlbWFfdmVyc2lvbiI6IjEifQ=="
        }
      ]
    },
    {
      "mode": "managed",
      "type": "aws_vpc_endpoint",
      "name": "gateway-endpoint",
      "provider": "provider[\"registry.terraform.io/hashicorp/aws\"]",
      "instances": [
        {
          "index_key": 0,
          "schema_version": 0,
          "attributes": {
            "arn": "arn:aws:ec2:ap-south-1:779527285137:vpc-endpoint/vpce-0a62475fa066e7ba5",
            "auto_accept": null,
            "cidr_blocks": [
              "52.219.156.0/22",
              "52.219.160.0/23",
              "52.219.62.0/23",
              "3.5.212.0/23",
              "3.5.208.0/22",
              "16.12.40.0/23",
              "52.219.64.0/22",
              "16.12.36.0/22"
            ],
            "dns_entry": [],
            "dns_options": [],
            "id": "vpce-0a62475fa066e7ba5",
            "ip_address_type": "",
            "network_interface_ids": [],
            "owner_id": "779527285137",
            "policy": "{\"Statement\":[{\"Action\":\"*\",\"Effect\":\"Allow\",\"Principal\":\"*\",\"Resource\":\"*\"}],\"Version\":\"2008-10-17\"}",
            "prefix_list_id": "pl-78a54011",
            "private_dns_enabled": false,
            "requester_managed": false,
            "route_table_ids": [
              "rtb-07e47e5d5e66fda33",
              "rtb-0b4dea809cb974b47",
              "rtb-0daef57cd71dd2fed"
            ],
            "security_group_ids": [],
            "service_name": "com.amazonaws.ap-south-1.s3",
            "state": "available",
            "subnet_configuration": [],
            "subnet_ids": [],
            "tags": {
              "Environment": "development",
              "Name": "dev-my-vpc-project-gateway-endpoint",
              "Owner": "team-devops"
            },
            "tags_all": {
              "Environment": "development",
              "Name": "dev-my-vpc-project-gateway-endpoint",
              "Owner": "team-devops"
            },
            "timeouts": null,
            "vpc_endpoint_type": "Gateway",
            "vpc_id": "vpc-06e270f6fd1138f8f"
          },
          "sensitive_attributes": [],
          "private": "eyJlMmJmYjczMC1lY2FhLTExZTYtOGY4OC0zNDM2M2JjN2M0YzAiOnsiY3JlYXRlIjo2MDAwMDAwMDAwMDAsImRlbGV0ZSI6NjAwMDAwMDAwMDAwLCJ1cGRhdGUiOjYwMDAwMDAwMDAwMH19",
          "dependencies": [
            "aws_vpc.main",
            "aws_vpc_ipv4_cidr_block_association.main",
            "module.subnets.aws_nat_gateway.nat_gw",
            "module.subnets.aws_route_table.main",
            "module.subnets.aws_route_table_association.association",
            "module.subnets.aws_subnet.main"
          ]
        },
        {
          "index_key": 1,
          "schema_version": 0,
          "attributes": {
            "arn": "arn:aws:ec2:ap-south-1:779527285137:vpc-endpoint/vpce-01356d0e1f61c713b",
            "auto_accept": null,
            "cidr_blocks": [
              "35.71.100.0/25",
              "35.71.100.128/26",
              "52.94.20.0/24"
            ],
            "dns_entry": [],
            "dns_options": [],
            "id": "vpce-01356d0e1f61c713b",
            "ip_address_type": "",
            "network_interface_ids": [],
            "owner_id": "779527285137",
            "policy": "{\"Statement\":[{\"Action\":\"*\",\"Effect\":\"Allow\",\"Principal\":\"*\",\"Resource\":\"*\"}],\"Version\":\"2008-10-17\"}",
            "prefix_list_id": "pl-66a7420f",
            "private_dns_enabled": false,
            "requester_managed": false,
            "route_table_ids": [
              "rtb-07e47e5d5e66fda33",
              "rtb-0b4dea809cb974b47",
              "rtb-0daef57cd71dd2fed"
            ],
            "security_group_ids": [],
            "service_name": "com.amazonaws.ap-south-1.dynamodb",
            "state": "available",
            "subnet_configuration": [],
            "subnet_ids": [],
            "tags": {
              "Environment": "development",
              "Name": "dev-my-vpc-project-gateway-endpoint",
              "Owner": "team-devops"
            },
            "tags_all": {
              "Environment": "development",
              "Name": "dev-my-vpc-project-gateway-endpoint",
              "Owner": "team-devops"
            },
            "timeouts": null,
            "vpc_endpoint_type": "Gateway",
            "vpc_id": "vpc-06e270f6fd1138f8f"
          },
          "sensitive_attributes": [],
          "private": "eyJlMmJmYjczMC1lY2FhLTExZTYtOGY4OC0zNDM2M2JjN2M0YzAiOnsiY3JlYXRlIjo2MDAwMDAwMDAwMDAsImRlbGV0ZSI6NjAwMDAwMDAwMDAwLCJ1cGRhdGUiOjYwMDAwMDAwMDAwMH19",
          "dependencies": [
            "aws_vpc.main",
            "aws_vpc_ipv4_cidr_block_association.main",
            "module.subnets.aws_nat_gateway.nat_gw",
            "module.subnets.aws_route_table.main",
            "module.subnets.aws_route_table_association.association",
            "module.subnets.aws_subnet.main"
          ]
        }
      ]
    },
    {
      "mode": "managed",
      "type": "aws_vpc_endpoint",
      "name": "interface-endpoint",
      "provider": "provider[\"registry.terraform.io/hashicorp/aws\"]",
      "instances": [
        {
          "index_key": 0,
          "schema_version": 0,
          "attributes": {
            "arn": "arn:aws:ec2:ap-south-1:779527285137:vpc-endpoint/vpce-04152c5869264d535",
            "auto_accept": null,
            "cidr_blocks": [],
            "dns_entry": [
              {
                "dns_name": "vpce-04152c5869264d535-kc9qu7gp.ec2.ap-south-1.vpce.amazonaws.com",
                "hosted_zone_id": "Z2KVTB3ZLFM7JR"
              },
              {
                "dns_name": "vpce-04152c5869264d535-kc9qu7gp-ap-south-1a.ec2.ap-south-1.vpce.amazonaws.com",
                "hosted_zone_id": "Z2KVTB3ZLFM7JR"
              },
              {
                "dns_name": "ec2.ap-south-1.amazonaws.com",
                "hosted_zone_id": "Z03193322VEME4T1APVR7"
              },
              {
                "dns_name": "ec2.ap-south-1.api.aws",
                "hosted_zone_id": "Z06878891ED8KDLM1X4BQ"
              }
            ],
            "dns_options": [
              {
                "dns_record_ip_type": "ipv4",
                "private_dns_only_for_inbound_resolver_endpoint": false
              }
            ],
            "id": "vpce-04152c5869264d535",
            "ip_address_type": "ipv4",
            "network_interface_ids": [
              "eni-0052d688c1c59acdd"
            ],
            "owner_id": "779527285137",
            "policy": "{\"Statement\":[{\"Action\":\"*\",\"Effect\":\"Allow\",\"Principal\":\"*\",\"Resource\":\"*\"}]}",
            "prefix_list_id": null,
            "private_dns_enabled": true,
            "requester_managed": false,
            "route_table_ids": [],
            "security_group_ids": [
              "sg-05dad1fc75bd24245"
            ],
            "service_name": "com.amazonaws.ap-south-1.ec2",
            "state": "available",
            "subnet_configuration": [
              {
                "ipv4": "10.0.3.52",
                "ipv6": "",
                "subnet_id": "subnet-0da7cbe8b10ac2f1e"
              }
            ],
            "subnet_ids": [
              "subnet-0da7cbe8b10ac2f1e"
            ],
            "tags": {
              "Environment": "development",
              "Name": "dev-my-vpc-project-interface-ep-1",
              "Owner": "team-devops"
            },
            "tags_all": {
              "Environment": "development",
              "Name": "dev-my-vpc-project-interface-ep-1",
              "Owner": "team-devops"
            },
            "timeouts": null,
            "vpc_endpoint_type": "Interface",
            "vpc_id": "vpc-06e270f6fd1138f8f"
          },
          "sensitive_attributes": [],
          "private": "eyJlMmJmYjczMC1lY2FhLTExZTYtOGY4OC0zNDM2M2JjN2M0YzAiOnsiY3JlYXRlIjo2MDAwMDAwMDAwMDAsImRlbGV0ZSI6NjAwMDAwMDAwMDAwLCJ1cGRhdGUiOjYwMDAwMDAwMDAwMH19",
          "dependencies": [
            "aws_security_group.default_sg_for_vpc_endpoint",
            "aws_vpc.main",
            "aws_vpc_endpoint.gateway-endpoint",
            "aws_vpc_ipv4_cidr_block_association.main",
            "module.subnets.aws_nat_gateway.nat_gw",
            "module.subnets.aws_route_table.main",
            "module.subnets.aws_route_table_association.association",
            "module.subnets.aws_subnet.main"
          ]
        },
        {
          "index_key": 1,
          "schema_version": 0,
          "attributes": {
            "arn": "arn:aws:ec2:ap-south-1:779527285137:vpc-endpoint/vpce-066a3db6346bfd5fe",
            "auto_accept": null,
            "cidr_blocks": [],
            "dns_entry": [
              {
                "dns_name": "vpce-066a3db6346bfd5fe-xkeslb61.ssm.ap-south-1.vpce.amazonaws.com",
                "hosted_zone_id": "Z2KVTB3ZLFM7JR"
              },
              {
                "dns_name": "vpce-066a3db6346bfd5fe-xkeslb61-ap-south-1a.ssm.ap-south-1.vpce.amazonaws.com",
                "hosted_zone_id": "Z2KVTB3ZLFM7JR"
              },
              {
                "dns_name": "ssm.ap-south-1.amazonaws.com",
                "hosted_zone_id": "Z07855323P8IL8F7YTOLS"
              }
            ],
            "dns_options": [
              {
                "dns_record_ip_type": "ipv4",
                "private_dns_only_for_inbound_resolver_endpoint": false
              }
            ],
            "id": "vpce-066a3db6346bfd5fe",
            "ip_address_type": "ipv4",
            "network_interface_ids": [
              "eni-06c55220b45ad7433"
            ],
            "owner_id": "779527285137",
            "policy": "{\"Statement\":[{\"Action\":\"*\",\"Effect\":\"Allow\",\"Principal\":\"*\",\"Resource\":\"*\"}]}",
            "prefix_list_id": null,
            "private_dns_enabled": true,
            "requester_managed": false,
            "route_table_ids": [],
            "security_group_ids": [
              "sg-05dad1fc75bd24245"
            ],
            "service_name": "com.amazonaws.ap-south-1.ssm",
            "state": "available",
            "subnet_configuration": [
              {
                "ipv4": "10.0.3.163",
                "ipv6": "",
                "subnet_id": "subnet-0da7cbe8b10ac2f1e"
              }
            ],
            "subnet_ids": [
              "subnet-0da7cbe8b10ac2f1e"
            ],
            "tags": {
              "Environment": "development",
              "Name": "dev-my-vpc-project-interface-ep-2",
              "Owner": "team-devops"
            },
            "tags_all": {
              "Environment": "development",
              "Name": "dev-my-vpc-project-interface-ep-2",
              "Owner": "team-devops"
            },
            "timeouts": null,
            "vpc_endpoint_type": "Interface",
            "vpc_id": "vpc-06e270f6fd1138f8f"
          },
          "sensitive_attributes": [],
          "private": "eyJlMmJmYjczMC1lY2FhLTExZTYtOGY4OC0zNDM2M2JjN2M0YzAiOnsiY3JlYXRlIjo2MDAwMDAwMDAwMDAsImRlbGV0ZSI6NjAwMDAwMDAwMDAwLCJ1cGRhdGUiOjYwMDAwMDAwMDAwMH19",
          "dependencies": [
            "aws_security_group.default_sg_for_vpc_endpoint",
            "aws_vpc.main",
            "aws_vpc_endpoint.gateway-endpoint",
            "aws_vpc_ipv4_cidr_block_association.main",
            "module.subnets.aws_nat_gateway.nat_gw",
            "module.subnets.aws_route_table.main",
            "module.subnets.aws_route_table_association.association",
            "module.subnets.aws_subnet.main"
          ]
        }
      ]
    },
    {
      "mode": "managed",
      "type": "aws_vpc_ipv4_cidr_block_association",
      "name": "main",
      "provider": "provider[\"registry.terraform.io/hashicorp/aws\"]",
      "instances": []
    },
    {
      "module": "module.subnets[\"endpoint\"]",
      "mode": "managed",
      "type": "aws_nat_gateway",
      "name": "nat_gw",
      "provider": "provider[\"registry.terraform.io/hashicorp/aws\"]",
      "instances": []
    },
    {
      "module": "module.subnets[\"endpoint\"]",
      "mode": "managed",
      "type": "aws_route_table",
      "name": "main",
      "provider": "provider[\"registry.terraform.io/hashicorp/aws\"]",
      "instances": [
        {
          "index_key": 0,
          "schema_version": 0,
          "attributes": {
            "arn": "arn:aws:ec2:ap-south-1:779527285137:route-table/rtb-0b4dea809cb974b47",
            "id": "rtb-0b4dea809cb974b47",
            "owner_id": "779527285137",
            "propagating_vgws": [],
            "route": [],
            "tags": {
              "Environment": "development",
              "Name": "dev-endpoint-subnet-route-table",
              "Owner": "team-devops"
            },
            "tags_all": {
              "Environment": "development",
              "Name": "dev-endpoint-subnet-route-table",
              "Owner": "team-devops"
            },
            "timeouts": null,
            "vpc_id": "vpc-06e270f6fd1138f8f"
          },
          "sensitive_attributes": [],
          "private": "eyJlMmJmYjczMC1lY2FhLTExZTYtOGY4OC0zNDM2M2JjN2M0YzAiOnsiY3JlYXRlIjozMDAwMDAwMDAwMDAsImRlbGV0ZSI6MzAwMDAwMDAwMDAwLCJ1cGRhdGUiOjEyMDAwMDAwMDAwMH19",
          "dependencies": [
            "aws_vpc.main",
            "aws_vpc_ipv4_cidr_block_association.main"
          ]
        }
      ]
    },
    {
      "module": "module.subnets[\"endpoint\"]",
      "mode": "managed",
      "type": "aws_route_table_association",
      "name": "association",
      "provider": "provider[\"registry.terraform.io/hashicorp/aws\"]",
      "instances": [
        {
          "index_key": 0,
          "schema_version": 0,
          "attributes": {
            "gateway_id": "",
            "id": "rtbassoc-06774e3c12a032328",
            "route_table_id": "rtb-0b4dea809cb974b47",
            "subnet_id": "subnet-0da7cbe8b10ac2f1e",
            "timeouts": null
          },
          "sensitive_attributes": [],
          "private": "eyJlMmJmYjczMC1lY2FhLTExZTYtOGY4OC0zNDM2M2JjN2M0YzAiOnsiY3JlYXRlIjozMDAwMDAwMDAwMDAsImRlbGV0ZSI6MzAwMDAwMDAwMDAwLCJ1cGRhdGUiOjEyMDAwMDAwMDAwMH19",
          "dependencies": [
            "aws_vpc.main",
            "aws_vpc_ipv4_cidr_block_association.main",
            "module.subnets.aws_route_table.main",
            "module.subnets.aws_subnet.main"
          ]
        }
      ]
    },
    {
      "module": "module.subnets[\"endpoint\"]",
      "mode": "managed",
      "type": "aws_subnet",
      "name": "main",
      "provider": "provider[\"registry.terraform.io/hashicorp/aws\"]",
      "instances": [
        {
          "index_key": 0,
          "schema_version": 1,
          "attributes": {
            "arn": "arn:aws:ec2:ap-south-1:779527285137:subnet/subnet-0da7cbe8b10ac2f1e",
            "assign_ipv6_address_on_creation": false,
            "availability_zone": "ap-south-1a",
            "availability_zone_id": "aps1-az1",
            "cidr_block": "10.0.3.0/24",
            "customer_owned_ipv4_pool": "",
            "enable_dns64": false,
            "enable_lni_at_device_index": 0,
            "enable_resource_name_dns_a_record_on_launch": false,
            "enable_resource_name_dns_aaaa_record_on_launch": false,
            "id": "subnet-0da7cbe8b10ac2f1e",
            "ipv6_cidr_block": "",
            "ipv6_cidr_block_association_id": "",
            "ipv6_native": false,
            "map_customer_owned_ip_on_launch": false,
            "map_public_ip_on_launch": false,
            "outpost_arn": "",
            "owner_id": "779527285137",
            "private_dns_hostname_type_on_launch": "ip-name",
            "tags": {
              "Environment": "development",
              "Name": "dev-endpoint-subnet-subnet",
              "Owner": "team-devops"
            },
            "tags_all": {
              "Environment": "development",
              "Name": "dev-endpoint-subnet-subnet",
              "Owner": "team-devops"
            },
            "timeouts": null,
            "vpc_id": "vpc-06e270f6fd1138f8f"
          },
          "sensitive_attributes": [],
          "private": "eyJlMmJmYjczMC1lY2FhLTExZTYtOGY4OC0zNDM2M2JjN2M0YzAiOnsiY3JlYXRlIjo2MDAwMDAwMDAwMDAsImRlbGV0ZSI6MTIwMDAwMDAwMDAwMH0sInNjaGVtYV92ZXJzaW9uIjoiMSJ9",
          "dependencies": [
            "aws_vpc.main",
            "aws_vpc_ipv4_cidr_block_association.main"
          ]
        }
      ]
    },
    {
      "module": "module.subnets[\"private-1\"]",
      "mode": "managed",
      "type": "aws_nat_gateway",
      "name": "nat_gw",
      "provider": "provider[\"registry.terraform.io/hashicorp/aws\"]",
      "instances": []
    },
    {
      "module": "module.subnets[\"private-1\"]",
      "mode": "managed",
      "type": "aws_route_table",
      "name": "main",
      "provider": "provider[\"registry.terraform.io/hashicorp/aws\"]",
      "instances": [
        {
          "index_key": 0,
          "schema_version": 0,
          "attributes": {
            "arn": "arn:aws:ec2:ap-south-1:779527285137:route-table/rtb-0daef57cd71dd2fed",
            "id": "rtb-0daef57cd71dd2fed",
            "owner_id": "779527285137",
            "propagating_vgws": [],
            "route": [],
            "tags": {
              "Environment": "development",
              "Name": "dev-private-subnet-1-route-table",
              "Owner": "team-devops"
            },
            "tags_all": {
              "Environment": "development",
              "Name": "dev-private-subnet-1-route-table",
              "Owner": "team-devops"
            },
            "timeouts": null,
            "vpc_id": "vpc-06e270f6fd1138f8f"
          },
          "sensitive_attributes": [],
          "private": "eyJlMmJmYjczMC1lY2FhLTExZTYtOGY4OC0zNDM2M2JjN2M0YzAiOnsiY3JlYXRlIjozMDAwMDAwMDAwMDAsImRlbGV0ZSI6MzAwMDAwMDAwMDAwLCJ1cGRhdGUiOjEyMDAwMDAwMDAwMH19",
          "dependencies": [
            "aws_vpc.main",
            "aws_vpc_ipv4_cidr_block_association.main"
          ]
        }
      ]
    },
    {
      "module": "module.subnets[\"private-1\"]",
      "mode": "managed",
      "type": "aws_route_table_association",
      "name": "association",
      "provider": "provider[\"registry.terraform.io/hashicorp/aws\"]",
      "instances": [
        {
          "index_key": 0,
          "schema_version": 0,
          "attributes": {
            "gateway_id": "",
            "id": "rtbassoc-0c226f352ef5a3089",
            "route_table_id": "rtb-0daef57cd71dd2fed",
            "subnet_id": "subnet-0fca8c4dd9b246721",
            "timeouts": null
          },
          "sensitive_attributes": [],
          "private": "eyJlMmJmYjczMC1lY2FhLTExZTYtOGY4OC0zNDM2M2JjN2M0YzAiOnsiY3JlYXRlIjozMDAwMDAwMDAwMDAsImRlbGV0ZSI6MzAwMDAwMDAwMDAwLCJ1cGRhdGUiOjEyMDAwMDAwMDAwMH19",
          "dependencies": [
            "aws_vpc.main",
            "aws_vpc_ipv4_cidr_block_association.main",
            "module.subnets.aws_route_table.main",
            "module.subnets.aws_subnet.main"
          ]
        }
      ]
    },
    {
      "module": "module.subnets[\"private-1\"]",
      "mode": "managed",
      "type": "aws_subnet",
      "name": "main",
      "provider": "provider[\"registry.terraform.io/hashicorp/aws\"]",
      "instances": [
        {
          "index_key": 0,
          "schema_version": 1,
          "attributes": {
            "arn": "arn:aws:ec2:ap-south-1:779527285137:subnet/subnet-0fca8c4dd9b246721",
            "assign_ipv6_address_on_creation": false,
            "availability_zone": "ap-south-1a",
            "availability_zone_id": "aps1-az1",
            "cidr_block": "10.0.2.0/24",
            "customer_owned_ipv4_pool": "",
            "enable_dns64": false,
            "enable_lni_at_device_index": 0,
            "enable_resource_name_dns_a_record_on_launch": false,
            "enable_resource_name_dns_aaaa_record_on_launch": false,
            "id": "subnet-0fca8c4dd9b246721",
            "ipv6_cidr_block": "",
            "ipv6_cidr_block_association_id": "",
            "ipv6_native": false,
            "map_customer_owned_ip_on_launch": false,
            "map_public_ip_on_launch": false,
            "outpost_arn": "",
            "owner_id": "779527285137",
            "private_dns_hostname_type_on_launch": "ip-name",
            "tags": {
              "Environment": "development",
              "Name": "dev-private-subnet-1-subnet",
              "Owner": "team-devops"
            },
            "tags_all": {
              "Environment": "development",
              "Name": "dev-private-subnet-1-subnet",
              "Owner": "team-devops"
            },
            "timeouts": null,
            "vpc_id": "vpc-06e270f6fd1138f8f"
          },
          "sensitive_attributes": [],
          "private": "eyJlMmJmYjczMC1lY2FhLTExZTYtOGY4OC0zNDM2M2JjN2M0YzAiOnsiY3JlYXRlIjo2MDAwMDAwMDAwMDAsImRlbGV0ZSI6MTIwMDAwMDAwMDAwMH0sInNjaGVtYV92ZXJzaW9uIjoiMSJ9",
          "dependencies": [
            "aws_vpc.main",
            "aws_vpc_ipv4_cidr_block_association.main"
          ]
        }
      ]
    },
    {
      "module": "module.subnets[\"public-1\"]",
      "mode": "managed",
      "type": "aws_nat_gateway",
      "name": "nat_gw",
      "provider": "provider[\"registry.terraform.io/hashicorp/aws\"]",
      "instances": []
    },
    {
      "module": "module.subnets[\"public-1\"]",
      "mode": "managed",
      "type": "aws_route_table",
      "name": "main",
      "provider": "provider[\"registry.terraform.io/hashicorp/aws\"]",
      "instances": [
        {
          "index_key": 0,
          "schema_version": 0,
          "attributes": {
            "arn": "arn:aws:ec2:ap-south-1:779527285137:route-table/rtb-07e47e5d5e66fda33",
            "id": "rtb-07e47e5d5e66fda33",
            "owner_id": "779527285137",
            "propagating_vgws": [],
            "route": [],
            "tags": {
              "Environment": "development",
              "Name": "dev-public-subnet-1-route-table",
              "Owner": "team-devops"
            },
            "tags_all": {
              "Environment": "development",
              "Name": "dev-public-subnet-1-route-table",
              "Owner": "team-devops"
            },
            "timeouts": null,
            "vpc_id": "vpc-06e270f6fd1138f8f"
          },
          "sensitive_attributes": [],
          "private": "eyJlMmJmYjczMC1lY2FhLTExZTYtOGY4OC0zNDM2M2JjN2M0YzAiOnsiY3JlYXRlIjozMDAwMDAwMDAwMDAsImRlbGV0ZSI6MzAwMDAwMDAwMDAwLCJ1cGRhdGUiOjEyMDAwMDAwMDAwMH19",
          "dependencies": [
            "aws_vpc.main",
            "aws_vpc_ipv4_cidr_block_association.main"
          ]
        }
      ]
    },
    {
      "module": "module.subnets[\"public-1\"]",
      "mode": "managed",
      "type": "aws_route_table_association",
      "name": "association",
      "provider": "provider[\"registry.terraform.io/hashicorp/aws\"]",
      "instances": [
        {
          "index_key": 0,
          "schema_version": 0,
          "attributes": {
            "gateway_id": "",
            "id": "rtbassoc-0cd7bdf93b091197a",
            "route_table_id": "rtb-07e47e5d5e66fda33",
            "subnet_id": "subnet-0cbf0eeef03735287",
            "timeouts": null
          },
          "sensitive_attributes": [],
          "private": "eyJlMmJmYjczMC1lY2FhLTExZTYtOGY4OC0zNDM2M2JjN2M0YzAiOnsiY3JlYXRlIjozMDAwMDAwMDAwMDAsImRlbGV0ZSI6MzAwMDAwMDAwMDAwLCJ1cGRhdGUiOjEyMDAwMDAwMDAwMH19",
          "dependencies": [
            "aws_vpc.main",
            "aws_vpc_ipv4_cidr_block_association.main",
            "module.subnets.aws_route_table.main",
            "module.subnets.aws_subnet.main"
          ]
        }
      ]
    },
    {
      "module": "module.subnets[\"public-1\"]",
      "mode": "managed",
      "type": "aws_subnet",
      "name": "main",
      "provider": "provider[\"registry.terraform.io/hashicorp/aws\"]",
      "instances": [
        {
          "index_key": 0,
          "schema_version": 1,
          "attributes": {
            "arn": "arn:aws:ec2:ap-south-1:779527285137:subnet/subnet-0cbf0eeef03735287",
            "assign_ipv6_address_on_creation": false,
            "availability_zone": "ap-south-1a",
            "availability_zone_id": "aps1-az1",
            "cidr_block": "10.0.1.0/24",
            "customer_owned_ipv4_pool": "",
            "enable_dns64": false,
            "enable_lni_at_device_index": 0,
            "enable_resource_name_dns_a_record_on_launch": false,
            "enable_resource_name_dns_aaaa_record_on_launch": false,
            "id": "subnet-0cbf0eeef03735287",
            "ipv6_cidr_block": "",
            "ipv6_cidr_block_association_id": "",
            "ipv6_native": false,
            "map_customer_owned_ip_on_launch": false,
            "map_public_ip_on_launch": false,
            "outpost_arn": "",
            "owner_id": "779527285137",
            "private_dns_hostname_type_on_launch": "ip-name",
            "tags": {
              "Environment": "development",
              "Name": "dev-public-subnet-1-subnet",
              "Owner": "team-devops"
            },
            "tags_all": {
              "Environment": "development",
              "Name": "dev-public-subnet-1-subnet",
              "Owner": "team-devops"
            },
            "timeouts": null,
            "vpc_id": "vpc-06e270f6fd1138f8f"
          },
          "sensitive_attributes": [],
          "private": "eyJlMmJmYjczMC1lY2FhLTExZTYtOGY4OC0zNDM2M2JjN2M0YzAiOnsiY3JlYXRlIjo2MDAwMDAwMDAwMDAsImRlbGV0ZSI6MTIwMDAwMDAwMDAwMH0sInNjaGVtYV92ZXJzaW9uIjoiMSJ9",
          "dependencies": [
            "aws_vpc.main",
            "aws_vpc_ipv4_cidr_block_association.main"
          ]
        }
      ]
    }
  ],
  "check_results": null
}
